// !$*UTF8*$!
{
	archiveVersion = 1;
	classes = {
	};
	objectVersion = 56;
	objects = {

/* Begin PBXBuildFile section */
		01BF5A8529B6223B000F7FE3 /* Animations.sks in Resources */ = {isa = PBXBuildFile; fileRef = 01BF5A8429B6223B000F7FE3 /* Animations.sks */; };
		A709581D29B159B700B6BD41 /* UpdateController.swift in Sources */ = {isa = PBXBuildFile; fileRef = A709581C29B159B700B6BD41 /* UpdateController.swift */; };
		A7222B7929ADF22A00D9B75A /* fallingDown.wav in Resources */ = {isa = PBXBuildFile; fileRef = A7222B6D29ADF22A00D9B75A /* fallingDown.wav */; };
		A7222B7A29ADF22A00D9B75A /* fatuumsPickup.wav in Resources */ = {isa = PBXBuildFile; fileRef = A7222B6E29ADF22A00D9B75A /* fatuumsPickup.wav */; };
		A7222B7B29ADF22A00D9B75A /* hitSpikes.wav in Resources */ = {isa = PBXBuildFile; fileRef = A7222B6F29ADF22A00D9B75A /* hitSpikes.wav */; };
		A7222B7C29ADF22A00D9B75A /* wallBump.wav in Resources */ = {isa = PBXBuildFile; fileRef = A7222B7029ADF22A00D9B75A /* wallBump.wav */; };
		A7222B7D29ADF22A00D9B75A /* hitPlatform.wav in Resources */ = {isa = PBXBuildFile; fileRef = A7222B7129ADF22A00D9B75A /* hitPlatform.wav */; };
		A7222B7F29ADF22A00D9B75A /* death.wav in Resources */ = {isa = PBXBuildFile; fileRef = A7222B7329ADF22A00D9B75A /* death.wav */; };
		A7222B8029ADF22A00D9B75A /* bushWalk.wav in Resources */ = {isa = PBXBuildFile; fileRef = A7222B7429ADF22A00D9B75A /* bushWalk.wav */; };
		A7222B8129ADF22A00D9B75A /* jump2.wav in Resources */ = {isa = PBXBuildFile; fileRef = A7222B7529ADF22A00D9B75A /* jump2.wav */; };
		A7222B8229ADF22A00D9B75A /* jump1.wav in Resources */ = {isa = PBXBuildFile; fileRef = A7222B7629ADF22A00D9B75A /* jump1.wav */; };
		A7222B8329ADF22A00D9B75A /* tripopSpawn.wav in Resources */ = {isa = PBXBuildFile; fileRef = A7222B7729ADF22A00D9B75A /* tripopSpawn.wav */; };
		A7222B8629ADF47500D9B75A /* arrowClick.wav in Resources */ = {isa = PBXBuildFile; fileRef = A7222B8529ADF47500D9B75A /* arrowClick.wav */; };
		A7222B8829ADF52200D9B75A /* buttonClick.wav in Resources */ = {isa = PBXBuildFile; fileRef = A7222B8729ADF52200D9B75A /* buttonClick.wav */; };
		A7222B8A29ADF66100D9B75A /* AudioController.swift in Sources */ = {isa = PBXBuildFile; fileRef = A7222B8929ADF66100D9B75A /* AudioController.swift */; };
		A7222B8C29ADFC4C00D9B75A /* PhysicsController.swift in Sources */ = {isa = PBXBuildFile; fileRef = A7222B8B29ADFC4C00D9B75A /* PhysicsController.swift */; };
		A7222B9129AE0A2E00D9B75A /* GameOver.swift in Sources */ = {isa = PBXBuildFile; fileRef = A7222B9029AE0A2E00D9B75A /* GameOver.swift */; };
		A72B6C3629AF59B600684336 /* GameOverScene.sks in Resources */ = {isa = PBXBuildFile; fileRef = A72B6C3529AF59B600684336 /* GameOverScene.sks */; };
		A74BA77E29B6088600C11FF3 /* GulaguForestNiko.sks in Resources */ = {isa = PBXBuildFile; fileRef = A74BA77D29B6088600C11FF3 /* GulaguForestNiko.sks */; };
		A74BA78829B608FF00C11FF3 /* ground1.pdf in Resources */ = {isa = PBXBuildFile; fileRef = A74BA78029B608FF00C11FF3 /* ground1.pdf */; };
		A74BA78929B608FF00C11FF3 /* ground2.pdf in Resources */ = {isa = PBXBuildFile; fileRef = A74BA78129B608FF00C11FF3 /* ground2.pdf */; };
		A74BA78A29B608FF00C11FF3 /* ground3.pdf in Resources */ = {isa = PBXBuildFile; fileRef = A74BA78229B608FF00C11FF3 /* ground3.pdf */; };
		A74BA78B29B608FF00C11FF3 /* grass2.pdf in Resources */ = {isa = PBXBuildFile; fileRef = A74BA78329B608FF00C11FF3 /* grass2.pdf */; };
		A74BA78C29B608FF00C11FF3 /* grass3.pdf in Resources */ = {isa = PBXBuildFile; fileRef = A74BA78429B608FF00C11FF3 /* grass3.pdf */; };
		A74BA78D29B608FF00C11FF3 /* grass1.pdf in Resources */ = {isa = PBXBuildFile; fileRef = A74BA78529B608FF00C11FF3 /* grass1.pdf */; };
		A74BA78E29B608FF00C11FF3 /* wall1.pdf in Resources */ = {isa = PBXBuildFile; fileRef = A74BA78629B608FF00C11FF3 /* wall1.pdf */; };
		A74BA78F29B608FF00C11FF3 /* grasswall1.pdf in Resources */ = {isa = PBXBuildFile; fileRef = A74BA78729B608FF00C11FF3 /* grasswall1.pdf */; };
		A75E510029B51C9F00C63215 /* rain.sks in Resources */ = {isa = PBXBuildFile; fileRef = A75E50F929B51C9F00C63215 /* rain.sks */; };
		A75E510129B51C9F00C63215 /* lights.sks in Resources */ = {isa = PBXBuildFile; fileRef = A75E50FA29B51C9F00C63215 /* lights.sks */; };
		A75E510429B51C9F00C63215 /* GulaguForest.sks in Resources */ = {isa = PBXBuildFile; fileRef = A75E50FD29B51C9F00C63215 /* GulaguForest.sks */; };
		A75E510529B51C9F00C63215 /* rosa.sks in Resources */ = {isa = PBXBuildFile; fileRef = A75E50FE29B51C9F00C63215 /* rosa.sks */; };
		A76254F229B122CA00E2A5D1 /* StageSelectScene.sks in Resources */ = {isa = PBXBuildFile; fileRef = A76254F129B122CA00E2A5D1 /* StageSelectScene.sks */; };
		A7CBE21729AD5DC900BBFC8B /* Fatuito.ttf in Resources */ = {isa = PBXBuildFile; fileRef = A7CBE21629AD5DC900BBFC8B /* Fatuito.ttf */; };
		A7D3905929A2D643009FDE81 /* MenuScene.sks in Resources */ = {isa = PBXBuildFile; fileRef = A7D3905829A2D643009FDE81 /* MenuScene.sks */; };
		A7DF46DB29A0EC7800DC9A66 /* AppDelegate.swift in Sources */ = {isa = PBXBuildFile; fileRef = A7DF46DA29A0EC7800DC9A66 /* AppDelegate.swift */; };
		A7DF46E329A0EC7800DC9A66 /* GameViewController.swift in Sources */ = {isa = PBXBuildFile; fileRef = A7DF46E229A0EC7800DC9A66 /* GameViewController.swift */; };
		A7DF46E629A0EC7800DC9A66 /* Main.storyboard in Resources */ = {isa = PBXBuildFile; fileRef = A7DF46E429A0EC7800DC9A66 /* Main.storyboard */; };
		A7DF46E829A0EC7900DC9A66 /* Assets.xcassets in Resources */ = {isa = PBXBuildFile; fileRef = A7DF46E729A0EC7900DC9A66 /* Assets.xcassets */; };
		A7DF46EB29A0EC7900DC9A66 /* LaunchScreen.storyboard in Resources */ = {isa = PBXBuildFile; fileRef = A7DF46E929A0EC7900DC9A66 /* LaunchScreen.storyboard */; };
		A7DF46F529A0ED0100DC9A66 /* MechanicsController.swift in Sources */ = {isa = PBXBuildFile; fileRef = A7DF46F429A0ED0100DC9A66 /* MechanicsController.swift */; };
		A7DF46F729A0ED7000DC9A66 /* LevelContactController.swift in Sources */ = {isa = PBXBuildFile; fileRef = A7DF46F629A0ED7000DC9A66 /* LevelContactController.swift */; };
		A7DF46F929A0EDB300DC9A66 /* LevelTouchController.swift in Sources */ = {isa = PBXBuildFile; fileRef = A7DF46F829A0EDB300DC9A66 /* LevelTouchController.swift */; };
		A7DF46FD29A0F23A00DC9A66 /* AnimationController.swift in Sources */ = {isa = PBXBuildFile; fileRef = A7DF46FC29A0F23A00DC9A66 /* AnimationController.swift */; };
		A7DF992829A2C4EC00D21CEC /* Menu.swift in Sources */ = {isa = PBXBuildFile; fileRef = A7DF992729A2C4EC00D21CEC /* Menu.swift */; };
		A7DF992D29A2CE2E00D21CEC /* GameParameters.swift in Sources */ = {isa = PBXBuildFile; fileRef = A7DF992C29A2CE2E00D21CEC /* GameParameters.swift */; };
		A7F49B1829B1781C0093A6EE /* LevelCreator.swift in Sources */ = {isa = PBXBuildFile; fileRef = A7F49B1729B1781C0093A6EE /* LevelCreator.swift */; };
		A7F49B1B29B179000093A6EE /* StageSelect.swift in Sources */ = {isa = PBXBuildFile; fileRef = A7F49B1A29B179000093A6EE /* StageSelect.swift */; };
		A7FE677029B1EEA60082FA83 /* Credits.swift in Sources */ = {isa = PBXBuildFile; fileRef = A7FE676F29B1EEA60082FA83 /* Credits.swift */; };
		A7FE677229B1EEAE0082FA83 /* CreditsScene.sks in Resources */ = {isa = PBXBuildFile; fileRef = A7FE677129B1EEAE0082FA83 /* CreditsScene.sks */; };
		A7FE677429B20AB70082FA83 /* gulaguForest.wav in Resources */ = {isa = PBXBuildFile; fileRef = A7FE677329B20AB70082FA83 /* gulaguForest.wav */; };
/* End PBXBuildFile section */

/* Begin PBXFileReference section */
		01BF5A8429B6223B000F7FE3 /* Animations.sks */ = {isa = PBXFileReference; lastKnownFileType = file.sks; path = Animations.sks; sourceTree = "<group>"; };
		A709581C29B159B700B6BD41 /* UpdateController.swift */ = {isa = PBXFileReference; lastKnownFileType = sourcecode.swift; path = UpdateController.swift; sourceTree = "<group>"; };
		A7222B6D29ADF22A00D9B75A /* fallingDown.wav */ = {isa = PBXFileReference; lastKnownFileType = audio.wav; path = fallingDown.wav; sourceTree = "<group>"; };
		A7222B6E29ADF22A00D9B75A /* fatuumsPickup.wav */ = {isa = PBXFileReference; lastKnownFileType = audio.wav; path = fatuumsPickup.wav; sourceTree = "<group>"; };
		A7222B6F29ADF22A00D9B75A /* hitSpikes.wav */ = {isa = PBXFileReference; lastKnownFileType = audio.wav; path = hitSpikes.wav; sourceTree = "<group>"; };
		A7222B7029ADF22A00D9B75A /* wallBump.wav */ = {isa = PBXFileReference; lastKnownFileType = audio.wav; path = wallBump.wav; sourceTree = "<group>"; };
		A7222B7129ADF22A00D9B75A /* hitPlatform.wav */ = {isa = PBXFileReference; lastKnownFileType = audio.wav; path = hitPlatform.wav; sourceTree = "<group>"; };
		A7222B7329ADF22A00D9B75A /* death.wav */ = {isa = PBXFileReference; lastKnownFileType = audio.wav; path = death.wav; sourceTree = "<group>"; };
		A7222B7429ADF22A00D9B75A /* bushWalk.wav */ = {isa = PBXFileReference; lastKnownFileType = audio.wav; path = bushWalk.wav; sourceTree = "<group>"; };
		A7222B7529ADF22A00D9B75A /* jump2.wav */ = {isa = PBXFileReference; lastKnownFileType = audio.wav; path = jump2.wav; sourceTree = "<group>"; };
		A7222B7629ADF22A00D9B75A /* jump1.wav */ = {isa = PBXFileReference; lastKnownFileType = audio.wav; path = jump1.wav; sourceTree = "<group>"; };
		A7222B7729ADF22A00D9B75A /* tripopSpawn.wav */ = {isa = PBXFileReference; lastKnownFileType = audio.wav; path = tripopSpawn.wav; sourceTree = "<group>"; };
		A7222B8529ADF47500D9B75A /* arrowClick.wav */ = {isa = PBXFileReference; lastKnownFileType = audio.wav; path = arrowClick.wav; sourceTree = "<group>"; };
		A7222B8729ADF52200D9B75A /* buttonClick.wav */ = {isa = PBXFileReference; lastKnownFileType = audio.wav; path = buttonClick.wav; sourceTree = "<group>"; };
		A7222B8929ADF66100D9B75A /* AudioController.swift */ = {isa = PBXFileReference; lastKnownFileType = sourcecode.swift; path = AudioController.swift; sourceTree = "<group>"; };
		A7222B8B29ADFC4C00D9B75A /* PhysicsController.swift */ = {isa = PBXFileReference; lastKnownFileType = sourcecode.swift; path = PhysicsController.swift; sourceTree = "<group>"; };
		A7222B9029AE0A2E00D9B75A /* GameOver.swift */ = {isa = PBXFileReference; lastKnownFileType = sourcecode.swift; path = GameOver.swift; sourceTree = "<group>"; };
		A72B6C3529AF59B600684336 /* GameOverScene.sks */ = {isa = PBXFileReference; lastKnownFileType = file.sks; path = GameOverScene.sks; sourceTree = "<group>"; };
		A74BA77D29B6088600C11FF3 /* GulaguForestNiko.sks */ = {isa = PBXFileReference; lastKnownFileType = file.sks; path = GulaguForestNiko.sks; sourceTree = "<group>"; };
		A74BA78029B608FF00C11FF3 /* ground1.pdf */ = {isa = PBXFileReference; lastKnownFileType = image.pdf; path = ground1.pdf; sourceTree = "<group>"; };
		A74BA78129B608FF00C11FF3 /* ground2.pdf */ = {isa = PBXFileReference; lastKnownFileType = image.pdf; path = ground2.pdf; sourceTree = "<group>"; };
		A74BA78229B608FF00C11FF3 /* ground3.pdf */ = {isa = PBXFileReference; lastKnownFileType = image.pdf; path = ground3.pdf; sourceTree = "<group>"; };
		A74BA78329B608FF00C11FF3 /* grass2.pdf */ = {isa = PBXFileReference; lastKnownFileType = image.pdf; path = grass2.pdf; sourceTree = "<group>"; };
		A74BA78429B608FF00C11FF3 /* grass3.pdf */ = {isa = PBXFileReference; lastKnownFileType = image.pdf; path = grass3.pdf; sourceTree = "<group>"; };
		A74BA78529B608FF00C11FF3 /* grass1.pdf */ = {isa = PBXFileReference; lastKnownFileType = image.pdf; path = grass1.pdf; sourceTree = "<group>"; };
		A74BA78629B608FF00C11FF3 /* wall1.pdf */ = {isa = PBXFileReference; lastKnownFileType = image.pdf; path = wall1.pdf; sourceTree = "<group>"; };
		A74BA78729B608FF00C11FF3 /* grasswall1.pdf */ = {isa = PBXFileReference; lastKnownFileType = image.pdf; path = grasswall1.pdf; sourceTree = "<group>"; };
		A75E50F929B51C9F00C63215 /* rain.sks */ = {isa = PBXFileReference; lastKnownFileType = file.sks; path = rain.sks; sourceTree = "<group>"; };
		A75E50FA29B51C9F00C63215 /* lights.sks */ = {isa = PBXFileReference; lastKnownFileType = file.sks; path = lights.sks; sourceTree = "<group>"; };
		A75E50FD29B51C9F00C63215 /* GulaguForest.sks */ = {isa = PBXFileReference; lastKnownFileType = file.sks; path = GulaguForest.sks; sourceTree = "<group>"; };
		A75E50FE29B51C9F00C63215 /* rosa.sks */ = {isa = PBXFileReference; lastKnownFileType = file.sks; path = rosa.sks; sourceTree = "<group>"; };
		A75F3DC029ACAC75008013EF /* Fatuito-Info.plist */ = {isa = PBXFileReference; lastKnownFileType = text.plist; path = "Fatuito-Info.plist"; sourceTree = "<group>"; };
		A76254F129B122CA00E2A5D1 /* StageSelectScene.sks */ = {isa = PBXFileReference; lastKnownFileType = file.sks; path = StageSelectScene.sks; sourceTree = "<group>"; };
		A7CBE21629AD5DC900BBFC8B /* Fatuito.ttf */ = {isa = PBXFileReference; lastKnownFileType = file; path = Fatuito.ttf; sourceTree = "<group>"; };
		A7D3905829A2D643009FDE81 /* MenuScene.sks */ = {isa = PBXFileReference; lastKnownFileType = file.sks; path = MenuScene.sks; sourceTree = "<group>"; };
		A7DF46D729A0EC7800DC9A66 /* Fatuito.app */ = {isa = PBXFileReference; explicitFileType = wrapper.application; includeInIndex = 0; path = Fatuito.app; sourceTree = BUILT_PRODUCTS_DIR; };
		A7DF46DA29A0EC7800DC9A66 /* AppDelegate.swift */ = {isa = PBXFileReference; lastKnownFileType = sourcecode.swift; path = AppDelegate.swift; sourceTree = "<group>"; };
		A7DF46E229A0EC7800DC9A66 /* GameViewController.swift */ = {isa = PBXFileReference; lastKnownFileType = sourcecode.swift; path = GameViewController.swift; sourceTree = "<group>"; };
		A7DF46E529A0EC7800DC9A66 /* Base */ = {isa = PBXFileReference; lastKnownFileType = file.storyboard; name = Base; path = Base.lproj/Main.storyboard; sourceTree = "<group>"; };
		A7DF46E729A0EC7900DC9A66 /* Assets.xcassets */ = {isa = PBXFileReference; lastKnownFileType = folder.assetcatalog; path = Assets.xcassets; sourceTree = "<group>"; };
		A7DF46EA29A0EC7900DC9A66 /* Base */ = {isa = PBXFileReference; lastKnownFileType = file.storyboard; name = Base; path = Base.lproj/LaunchScreen.storyboard; sourceTree = "<group>"; };
		A7DF46F429A0ED0100DC9A66 /* MechanicsController.swift */ = {isa = PBXFileReference; lastKnownFileType = sourcecode.swift; path = MechanicsController.swift; sourceTree = "<group>"; };
		A7DF46F629A0ED7000DC9A66 /* LevelContactController.swift */ = {isa = PBXFileReference; lastKnownFileType = sourcecode.swift; path = LevelContactController.swift; sourceTree = "<group>"; };
		A7DF46F829A0EDB300DC9A66 /* LevelTouchController.swift */ = {isa = PBXFileReference; lastKnownFileType = sourcecode.swift; path = LevelTouchController.swift; sourceTree = "<group>"; };
		A7DF46FC29A0F23A00DC9A66 /* AnimationController.swift */ = {isa = PBXFileReference; lastKnownFileType = sourcecode.swift; path = AnimationController.swift; sourceTree = "<group>"; };
		A7DF992729A2C4EC00D21CEC /* Menu.swift */ = {isa = PBXFileReference; lastKnownFileType = sourcecode.swift; path = Menu.swift; sourceTree = "<group>"; };
		A7DF992C29A2CE2E00D21CEC /* GameParameters.swift */ = {isa = PBXFileReference; lastKnownFileType = sourcecode.swift; path = GameParameters.swift; sourceTree = "<group>"; };
		A7F49B1729B1781C0093A6EE /* LevelCreator.swift */ = {isa = PBXFileReference; lastKnownFileType = sourcecode.swift; path = LevelCreator.swift; sourceTree = "<group>"; };
		A7F49B1A29B179000093A6EE /* StageSelect.swift */ = {isa = PBXFileReference; lastKnownFileType = sourcecode.swift; path = StageSelect.swift; sourceTree = "<group>"; };
		A7FE676F29B1EEA60082FA83 /* Credits.swift */ = {isa = PBXFileReference; lastKnownFileType = sourcecode.swift; path = Credits.swift; sourceTree = "<group>"; };
		A7FE677129B1EEAE0082FA83 /* CreditsScene.sks */ = {isa = PBXFileReference; lastKnownFileType = file.sks; path = CreditsScene.sks; sourceTree = "<group>"; };
		A7FE677329B20AB70082FA83 /* gulaguForest.wav */ = {isa = PBXFileReference; lastKnownFileType = audio.wav; path = gulaguForest.wav; sourceTree = "<group>"; };
/* End PBXFileReference section */

/* Begin PBXFrameworksBuildPhase section */
		A7DF46D429A0EC7800DC9A66 /* Frameworks */ = {
			isa = PBXFrameworksBuildPhase;
			buildActionMask = 2147483647;
			files = (
			);
			runOnlyForDeploymentPostprocessing = 0;
		};
/* End PBXFrameworksBuildPhase section */

/* Begin PBXGroup section */
		A7222B6C29ADF22A00D9B75A /* SFX */ = {
			isa = PBXGroup;
			children = (
				A7FE677329B20AB70082FA83 /* gulaguForest.wav */,
				A7222B6D29ADF22A00D9B75A /* fallingDown.wav */,
				A7222B8529ADF47500D9B75A /* arrowClick.wav */,
				A7222B6E29ADF22A00D9B75A /* fatuumsPickup.wav */,
				A7222B6F29ADF22A00D9B75A /* hitSpikes.wav */,
				A7222B8729ADF52200D9B75A /* buttonClick.wav */,
				A7222B7029ADF22A00D9B75A /* wallBump.wav */,
				A7222B7129ADF22A00D9B75A /* hitPlatform.wav */,
				A7222B7329ADF22A00D9B75A /* death.wav */,
				A7222B7429ADF22A00D9B75A /* bushWalk.wav */,
				A7222B7529ADF22A00D9B75A /* jump2.wav */,
				A7222B7629ADF22A00D9B75A /* jump1.wav */,
				A7222B7729ADF22A00D9B75A /* tripopSpawn.wav */,
			);
			path = SFX;
			sourceTree = "<group>";
		};
		A7222B8F29AE0A1700D9B75A /* GameOverScene */ = {
			isa = PBXGroup;
			children = (
				A72B6C3529AF59B600684336 /* GameOverScene.sks */,
				A7222B9029AE0A2E00D9B75A /* GameOver.swift */,
			);
			path = GameOverScene;
			sourceTree = "<group>";
		};
		A74BA77F29B608FF00C11FF3 /* PDF ASSETS */ = {
			isa = PBXGroup;
			children = (
				A74BA78029B608FF00C11FF3 /* ground1.pdf */,
				A74BA78129B608FF00C11FF3 /* ground2.pdf */,
				A74BA78229B608FF00C11FF3 /* ground3.pdf */,
				A74BA78329B608FF00C11FF3 /* grass2.pdf */,
				A74BA78429B608FF00C11FF3 /* grass3.pdf */,
				A74BA78529B608FF00C11FF3 /* grass1.pdf */,
				A74BA78629B608FF00C11FF3 /* wall1.pdf */,
				A74BA78729B608FF00C11FF3 /* grasswall1.pdf */,
			);
			path = "PDF ASSETS";
			sourceTree = "<group>";
		};
		A75E50F829B51C9F00C63215 /* AlinaLevels */ = {
			isa = PBXGroup;
			children = (
				01BF5A8429B6223B000F7FE3 /* Animations.sks */,
				A75E50F929B51C9F00C63215 /* rain.sks */,
				A75E50FA29B51C9F00C63215 /* lights.sks */,
				A75E50FD29B51C9F00C63215 /* GulaguForest.sks */,
				A75E50FE29B51C9F00C63215 /* rosa.sks */,
			);
			path = AlinaLevels;
			sourceTree = "<group>";
		};
		A76254EA29B121B900E2A5D1 /* StageSelector */ = {
			isa = PBXGroup;
			children = (
				A76254F129B122CA00E2A5D1 /* StageSelectScene.sks */,
				A7F49B1A29B179000093A6EE /* StageSelect.swift */,
			);
			path = StageSelector;
			sourceTree = "<group>";
		};
		A76254F329B126F000E2A5D1 /* Levels */ = {
			isa = PBXGroup;
			children = (
				A74BA77F29B608FF00C11FF3 /* PDF ASSETS */,
				A74BA77D29B6088600C11FF3 /* GulaguForestNiko.sks */,
			);
			path = Levels;
			sourceTree = "<group>";
		};
		A7DF46CE29A0EC7800DC9A66 = {
			isa = PBXGroup;
			children = (
				A75F3DC029ACAC75008013EF /* Fatuito-Info.plist */,
				A7DF46D929A0EC7800DC9A66 /* crisantemi-game */,
				A7DF46D829A0EC7800DC9A66 /* Products */,
			);
			sourceTree = "<group>";
		};
		A7DF46D829A0EC7800DC9A66 /* Products */ = {
			isa = PBXGroup;
			children = (
				A7DF46D729A0EC7800DC9A66 /* Fatuito.app */,
			);
			name = Products;
			sourceTree = "<group>";
		};
		A7DF46D929A0EC7800DC9A66 /* crisantemi-game */ = {
			isa = PBXGroup;
			children = (
				A7DF46DA29A0EC7800DC9A66 /* AppDelegate.swift */,
				A7222B6C29ADF22A00D9B75A /* SFX */,
				A7DF46F229A0EC8B00DC9A66 /* Game */,
				A7DF46F329A0ECB400DC9A66 /* Assets */,
				A7DF46F129A0EC8700DC9A66 /* IDK */,
			);
			path = "crisantemi-game";
			sourceTree = "<group>";
		};
		A7DF46F129A0EC8700DC9A66 /* IDK */ = {
			isa = PBXGroup;
			children = (
				A7DF46E429A0EC7800DC9A66 /* Main.storyboard */,
				A7DF46E929A0EC7900DC9A66 /* LaunchScreen.storyboard */,
			);
			path = IDK;
			sourceTree = "<group>";
		};
		A7DF46F229A0EC8B00DC9A66 /* Game */ = {
			isa = PBXGroup;
			children = (
				A7DF46E229A0EC7800DC9A66 /* GameViewController.swift */,
				A7FE676E29B1EE860082FA83 /* Credits */,
				A7DF992629A2C4CA00D21CEC /* MenuScene */,
				A76254EA29B121B900E2A5D1 /* StageSelector */,
				A7222B8F29AE0A1700D9B75A /* GameOverScene */,
				A7DF992B29A2CAB700D21CEC /* Controller */,
				A75E50F829B51C9F00C63215 /* AlinaLevels */,
				A7F49B1929B178240093A6EE /* Levels */,
			);
			path = Game;
			sourceTree = "<group>";
		};
		A7DF46F329A0ECB400DC9A66 /* Assets */ = {
			isa = PBXGroup;
			children = (
				A7DF46E729A0EC7900DC9A66 /* Assets.xcassets */,
				A7CBE21629AD5DC900BBFC8B /* Fatuito.ttf */,
			);
			name = Assets;
			sourceTree = "<group>";
		};
		A7DF992629A2C4CA00D21CEC /* MenuScene */ = {
			isa = PBXGroup;
			children = (
				A7D3905829A2D643009FDE81 /* MenuScene.sks */,
				A7DF992729A2C4EC00D21CEC /* Menu.swift */,
			);
			path = MenuScene;
			sourceTree = "<group>";
		};
		A7DF992B29A2CAB700D21CEC /* Controller */ = {
			isa = PBXGroup;
			children = (
				A7DF992C29A2CE2E00D21CEC /* GameParameters.swift */,
				A7DF46F429A0ED0100DC9A66 /* MechanicsController.swift */,
				A7222B8929ADF66100D9B75A /* AudioController.swift */,
				A7DF46FC29A0F23A00DC9A66 /* AnimationController.swift */,
				A7222B8B29ADFC4C00D9B75A /* PhysicsController.swift */,
				A709581C29B159B700B6BD41 /* UpdateController.swift */,
			);
			path = Controller;
			sourceTree = "<group>";
		};
		A7F49B1929B178240093A6EE /* Levels */ = {
			isa = PBXGroup;
			children = (
				A7F49B1729B1781C0093A6EE /* LevelCreator.swift */,
				A7DF46F629A0ED7000DC9A66 /* LevelContactController.swift */,
				A7DF46F829A0EDB300DC9A66 /* LevelTouchController.swift */,
				A76254F329B126F000E2A5D1 /* Levels */,
			);
			path = Levels;
			sourceTree = "<group>";
		};
		A7FE676E29B1EE860082FA83 /* Credits */ = {
			isa = PBXGroup;
			children = (
				A7FE677129B1EEAE0082FA83 /* CreditsScene.sks */,
				A7FE676F29B1EEA60082FA83 /* Credits.swift */,
			);
			path = Credits;
			sourceTree = "<group>";
		};
/* End PBXGroup section */

/* Begin PBXNativeTarget section */
		A7DF46D629A0EC7800DC9A66 /* Fatuito */ = {
			isa = PBXNativeTarget;
			buildConfigurationList = A7DF46EE29A0EC7900DC9A66 /* Build configuration list for PBXNativeTarget "Fatuito" */;
			buildPhases = (
				A7DF46D329A0EC7800DC9A66 /* Sources */,
				A7DF46D429A0EC7800DC9A66 /* Frameworks */,
				A7DF46D529A0EC7800DC9A66 /* Resources */,
			);
			buildRules = (
			);
			dependencies = (
			);
			name = Fatuito;
			productName = "crisantemi-game";
			productReference = A7DF46D729A0EC7800DC9A66 /* Fatuito.app */;
			productType = "com.apple.product-type.application";
		};
/* End PBXNativeTarget section */

/* Begin PBXProject section */
		A7DF46CF29A0EC7800DC9A66 /* Project object */ = {
			isa = PBXProject;
			attributes = {
				BuildIndependentTargetsInParallel = 1;
				LastSwiftUpdateCheck = 1420;
				LastUpgradeCheck = 1420;
				TargetAttributes = {
					A7DF46D629A0EC7800DC9A66 = {
						CreatedOnToolsVersion = 14.2;
					};
				};
			};
			buildConfigurationList = A7DF46D229A0EC7800DC9A66 /* Build configuration list for PBXProject "Fatuito" */;
			compatibilityVersion = "Xcode 14.0";
			developmentRegion = en;
			hasScannedForEncodings = 0;
			knownRegions = (
				en,
				Base,
			);
			mainGroup = A7DF46CE29A0EC7800DC9A66;
			productRefGroup = A7DF46D829A0EC7800DC9A66 /* Products */;
			projectDirPath = "";
			projectRoot = "";
			targets = (
				A7DF46D629A0EC7800DC9A66 /* Fatuito */,
			);
		};
/* End PBXProject section */

/* Begin PBXResourcesBuildPhase section */
		A7DF46D529A0EC7800DC9A66 /* Resources */ = {
			isa = PBXResourcesBuildPhase;
			buildActionMask = 2147483647;
			files = (
				A7222B7C29ADF22A00D9B75A /* wallBump.wav in Resources */,
				A74BA78F29B608FF00C11FF3 /* grasswall1.pdf in Resources */,
				A74BA78E29B608FF00C11FF3 /* wall1.pdf in Resources */,
				A74BA78929B608FF00C11FF3 /* ground2.pdf in Resources */,
				A7222B7D29ADF22A00D9B75A /* hitPlatform.wav in Resources */,
				A7222B8229ADF22A00D9B75A /* jump1.wav in Resources */,
				A7DF46E629A0EC7800DC9A66 /* Main.storyboard in Resources */,
				A74BA77E29B6088600C11FF3 /* GulaguForestNiko.sks in Resources */,
				A76254F229B122CA00E2A5D1 /* StageSelectScene.sks in Resources */,
				A74BA78B29B608FF00C11FF3 /* grass2.pdf in Resources */,
				A7222B7929ADF22A00D9B75A /* fallingDown.wav in Resources */,
				A7DF46E829A0EC7900DC9A66 /* Assets.xcassets in Resources */,
				A7222B7F29ADF22A00D9B75A /* death.wav in Resources */,
				A7FE677229B1EEAE0082FA83 /* CreditsScene.sks in Resources */,
				A7D3905929A2D643009FDE81 /* MenuScene.sks in Resources */,
				A7CBE21729AD5DC900BBFC8B /* Fatuito.ttf in Resources */,
				A74BA78829B608FF00C11FF3 /* ground1.pdf in Resources */,
				A7222B8629ADF47500D9B75A /* arrowClick.wav in Resources */,
				A72B6C3629AF59B600684336 /* GameOverScene.sks in Resources */,
				A7DF46EB29A0EC7900DC9A66 /* LaunchScreen.storyboard in Resources */,
				01BF5A8529B6223B000F7FE3 /* Animations.sks in Resources */,
				A7FE677429B20AB70082FA83 /* gulaguForest.wav in Resources */,
				A75E510129B51C9F00C63215 /* lights.sks in Resources */,
				A74BA78C29B608FF00C11FF3 /* grass3.pdf in Resources */,
				A7222B8129ADF22A00D9B75A /* jump2.wav in Resources */,
				A74BA78A29B608FF00C11FF3 /* ground3.pdf in Resources */,
				A75E510029B51C9F00C63215 /* rain.sks in Resources */,
				A7222B7A29ADF22A00D9B75A /* fatuumsPickup.wav in Resources */,
				A75E510529B51C9F00C63215 /* rosa.sks in Resources */,
				A75E510429B51C9F00C63215 /* GulaguForest.sks in Resources */,
				A74BA78D29B608FF00C11FF3 /* grass1.pdf in Resources */,
				A7222B8329ADF22A00D9B75A /* tripopSpawn.wav in Resources */,
				A7222B7B29ADF22A00D9B75A /* hitSpikes.wav in Resources */,
				A7222B8829ADF52200D9B75A /* buttonClick.wav in Resources */,
				A7222B8029ADF22A00D9B75A /* bushWalk.wav in Resources */,
			);
			runOnlyForDeploymentPostprocessing = 0;
		};
/* End PBXResourcesBuildPhase section */

/* Begin PBXSourcesBuildPhase section */
		A7DF46D329A0EC7800DC9A66 /* Sources */ = {
			isa = PBXSourcesBuildPhase;
			buildActionMask = 2147483647;
			files = (
				A7DF46FD29A0F23A00DC9A66 /* AnimationController.swift in Sources */,
				A7222B8A29ADF66100D9B75A /* AudioController.swift in Sources */,
				A7DF46F729A0ED7000DC9A66 /* LevelContactController.swift in Sources */,
				A7F49B1829B1781C0093A6EE /* LevelCreator.swift in Sources */,
				A7DF992829A2C4EC00D21CEC /* Menu.swift in Sources */,
				A7DF992D29A2CE2E00D21CEC /* GameParameters.swift in Sources */,
				A7DF46F529A0ED0100DC9A66 /* MechanicsController.swift in Sources */,
				A7DF46E329A0EC7800DC9A66 /* GameViewController.swift in Sources */,
				A7DF46DB29A0EC7800DC9A66 /* AppDelegate.swift in Sources */,
				A7F49B1B29B179000093A6EE /* StageSelect.swift in Sources */,
				A7DF46F929A0EDB300DC9A66 /* LevelTouchController.swift in Sources */,
				A709581D29B159B700B6BD41 /* UpdateController.swift in Sources */,
				A7222B9129AE0A2E00D9B75A /* GameOver.swift in Sources */,
				A7FE677029B1EEA60082FA83 /* Credits.swift in Sources */,
				A7222B8C29ADFC4C00D9B75A /* PhysicsController.swift in Sources */,
			);
			runOnlyForDeploymentPostprocessing = 0;
		};
/* End PBXSourcesBuildPhase section */

/* Begin PBXVariantGroup section */
		A7DF46E429A0EC7800DC9A66 /* Main.storyboard */ = {
			isa = PBXVariantGroup;
			children = (
				A7DF46E529A0EC7800DC9A66 /* Base */,
			);
			name = Main.storyboard;
			sourceTree = "<group>";
		};
		A7DF46E929A0EC7900DC9A66 /* LaunchScreen.storyboard */ = {
			isa = PBXVariantGroup;
			children = (
				A7DF46EA29A0EC7900DC9A66 /* Base */,
			);
			name = LaunchScreen.storyboard;
			sourceTree = "<group>";
		};
/* End PBXVariantGroup section */

/* Begin XCBuildConfiguration section */
		A7DF46EC29A0EC7900DC9A66 /* Debug */ = {
			isa = XCBuildConfiguration;
			buildSettings = {
				ALWAYS_SEARCH_USER_PATHS = NO;
				CLANG_ANALYZER_NONNULL = YES;
				CLANG_ANALYZER_NUMBER_OBJECT_CONVERSION = YES_AGGRESSIVE;
				CLANG_CXX_LANGUAGE_STANDARD = "gnu++20";
				CLANG_ENABLE_MODULES = YES;
				CLANG_ENABLE_OBJC_ARC = YES;
				CLANG_ENABLE_OBJC_WEAK = YES;
				CLANG_WARN_BLOCK_CAPTURE_AUTORELEASING = YES;
				CLANG_WARN_BOOL_CONVERSION = YES;
				CLANG_WARN_COMMA = YES;
				CLANG_WARN_CONSTANT_CONVERSION = YES;
				CLANG_WARN_DEPRECATED_OBJC_IMPLEMENTATIONS = YES;
				CLANG_WARN_DIRECT_OBJC_ISA_USAGE = YES_ERROR;
				CLANG_WARN_DOCUMENTATION_COMMENTS = YES;
				CLANG_WARN_EMPTY_BODY = YES;
				CLANG_WARN_ENUM_CONVERSION = YES;
				CLANG_WARN_INFINITE_RECURSION = YES;
				CLANG_WARN_INT_CONVERSION = YES;
				CLANG_WARN_NON_LITERAL_NULL_CONVERSION = YES;
				CLANG_WARN_OBJC_IMPLICIT_RETAIN_SELF = YES;
				CLANG_WARN_OBJC_LITERAL_CONVERSION = YES;
				CLANG_WARN_OBJC_ROOT_CLASS = YES_ERROR;
				CLANG_WARN_QUOTED_INCLUDE_IN_FRAMEWORK_HEADER = YES;
				CLANG_WARN_RANGE_LOOP_ANALYSIS = YES;
				CLANG_WARN_STRICT_PROTOTYPES = YES;
				CLANG_WARN_SUSPICIOUS_MOVE = YES;
				CLANG_WARN_UNGUARDED_AVAILABILITY = YES_AGGRESSIVE;
				CLANG_WARN_UNREACHABLE_CODE = YES;
				CLANG_WARN__DUPLICATE_METHOD_MATCH = YES;
				COPY_PHASE_STRIP = NO;
				DEBUG_INFORMATION_FORMAT = dwarf;
				ENABLE_STRICT_OBJC_MSGSEND = YES;
				ENABLE_TESTABILITY = YES;
				GCC_C_LANGUAGE_STANDARD = gnu11;
				GCC_DYNAMIC_NO_PIC = NO;
				GCC_NO_COMMON_BLOCKS = YES;
				GCC_OPTIMIZATION_LEVEL = 0;
				GCC_PREPROCESSOR_DEFINITIONS = (
					"DEBUG=1",
					"$(inherited)",
				);
				GCC_WARN_64_TO_32_BIT_CONVERSION = YES;
				GCC_WARN_ABOUT_RETURN_TYPE = YES_ERROR;
				GCC_WARN_UNDECLARED_SELECTOR = YES;
				GCC_WARN_UNINITIALIZED_AUTOS = YES_AGGRESSIVE;
				GCC_WARN_UNUSED_FUNCTION = YES;
				GCC_WARN_UNUSED_VARIABLE = YES;
				IPHONEOS_DEPLOYMENT_TARGET = 16.2;
				MTL_ENABLE_DEBUG_INFO = INCLUDE_SOURCE;
				MTL_FAST_MATH = YES;
				ONLY_ACTIVE_ARCH = YES;
				SDKROOT = iphoneos;
				SWIFT_ACTIVE_COMPILATION_CONDITIONS = DEBUG;
				SWIFT_OPTIMIZATION_LEVEL = "-Onone";
			};
			name = Debug;
		};
		A7DF46ED29A0EC7900DC9A66 /* Release */ = {
			isa = XCBuildConfiguration;
			buildSettings = {
				ALWAYS_SEARCH_USER_PATHS = NO;
				CLANG_ANALYZER_NONNULL = YES;
				CLANG_ANALYZER_NUMBER_OBJECT_CONVERSION = YES_AGGRESSIVE;
				CLANG_CXX_LANGUAGE_STANDARD = "gnu++20";
				CLANG_ENABLE_MODULES = YES;
				CLANG_ENABLE_OBJC_ARC = YES;
				CLANG_ENABLE_OBJC_WEAK = YES;
				CLANG_WARN_BLOCK_CAPTURE_AUTORELEASING = YES;
				CLANG_WARN_BOOL_CONVERSION = YES;
				CLANG_WARN_COMMA = YES;
				CLANG_WARN_CONSTANT_CONVERSION = YES;
				CLANG_WARN_DEPRECATED_OBJC_IMPLEMENTATIONS = YES;
				CLANG_WARN_DIRECT_OBJC_ISA_USAGE = YES_ERROR;
				CLANG_WARN_DOCUMENTATION_COMMENTS = YES;
				CLANG_WARN_EMPTY_BODY = YES;
				CLANG_WARN_ENUM_CONVERSION = YES;
				CLANG_WARN_INFINITE_RECURSION = YES;
				CLANG_WARN_INT_CONVERSION = YES;
				CLANG_WARN_NON_LITERAL_NULL_CONVERSION = YES;
				CLANG_WARN_OBJC_IMPLICIT_RETAIN_SELF = YES;
				CLANG_WARN_OBJC_LITERAL_CONVERSION = YES;
				CLANG_WARN_OBJC_ROOT_CLASS = YES_ERROR;
				CLANG_WARN_QUOTED_INCLUDE_IN_FRAMEWORK_HEADER = YES;
				CLANG_WARN_RANGE_LOOP_ANALYSIS = YES;
				CLANG_WARN_STRICT_PROTOTYPES = YES;
				CLANG_WARN_SUSPICIOUS_MOVE = YES;
				CLANG_WARN_UNGUARDED_AVAILABILITY = YES_AGGRESSIVE;
				CLANG_WARN_UNREACHABLE_CODE = YES;
				CLANG_WARN__DUPLICATE_METHOD_MATCH = YES;
				COPY_PHASE_STRIP = NO;
				DEBUG_INFORMATION_FORMAT = "dwarf-with-dsym";
				ENABLE_NS_ASSERTIONS = NO;
				ENABLE_STRICT_OBJC_MSGSEND = YES;
				GCC_C_LANGUAGE_STANDARD = gnu11;
				GCC_NO_COMMON_BLOCKS = YES;
				GCC_WARN_64_TO_32_BIT_CONVERSION = YES;
				GCC_WARN_ABOUT_RETURN_TYPE = YES_ERROR;
				GCC_WARN_UNDECLARED_SELECTOR = YES;
				GCC_WARN_UNINITIALIZED_AUTOS = YES_AGGRESSIVE;
				GCC_WARN_UNUSED_FUNCTION = YES;
				GCC_WARN_UNUSED_VARIABLE = YES;
				IPHONEOS_DEPLOYMENT_TARGET = 16.2;
				MTL_ENABLE_DEBUG_INFO = NO;
				MTL_FAST_MATH = YES;
				SDKROOT = iphoneos;
				SWIFT_COMPILATION_MODE = wholemodule;
				SWIFT_OPTIMIZATION_LEVEL = "-O";
				VALIDATE_PRODUCT = YES;
			};
			name = Release;
		};
		A7DF46EF29A0EC7900DC9A66 /* Debug */ = {
			isa = XCBuildConfiguration;
			buildSettings = {
				ASSETCATALOG_COMPILER_APPICON_NAME = AppIcon;
				ASSETCATALOG_COMPILER_GLOBAL_ACCENT_COLOR_NAME = AccentColor;
				CODE_SIGN_STYLE = Automatic;
				CURRENT_PROJECT_VERSION = 1;
				DEVELOPMENT_TEAM = V9YT873A8R;
				GENERATE_INFOPLIST_FILE = YES;
				INFOPLIST_FILE = "Fatuito-Info.plist";
				INFOPLIST_KEY_UIApplicationSupportsIndirectInputEvents = YES;
				INFOPLIST_KEY_UILaunchStoryboardName = LaunchScreen;
				INFOPLIST_KEY_UIMainStoryboardFile = Main;
				INFOPLIST_KEY_UIRequiresFullScreen = YES;
				INFOPLIST_KEY_UIStatusBarHidden = YES;
				INFOPLIST_KEY_UISupportedInterfaceOrientations = UIInterfaceOrientationLandscapeRight;
				IPHONEOS_DEPLOYMENT_TARGET = 16.0;
				LD_RUNPATH_SEARCH_PATHS = (
					"$(inherited)",
					"@executable_path/Frameworks",
				);
				MARKETING_VERSION = 1.0;
				PRODUCT_BUNDLE_IDENTIFIER = "Leonardo-DANIELE.crisantemi-game";
				PRODUCT_NAME = "$(TARGET_NAME)";
				SUPPORTED_PLATFORMS = "iphoneos iphonesimulator";
				SUPPORTS_MACCATALYST = NO;
				SUPPORTS_MAC_DESIGNED_FOR_IPHONE_IPAD = NO;
				SWIFT_EMIT_LOC_STRINGS = YES;
				SWIFT_VERSION = 5.0;
				TARGETED_DEVICE_FAMILY = "1,2";
			};
			name = Debug;
		};
		A7DF46F029A0EC7900DC9A66 /* Release */ = {
			isa = XCBuildConfiguration;
			buildSettings = {
				ASSETCATALOG_COMPILER_APPICON_NAME = AppIcon;
				ASSETCATALOG_COMPILER_GLOBAL_ACCENT_COLOR_NAME = AccentColor;
				CODE_SIGN_STYLE = Automatic;
				CURRENT_PROJECT_VERSION = 1;
				DEVELOPMENT_TEAM = V9YT873A8R;
				GENERATE_INFOPLIST_FILE = YES;
				INFOPLIST_FILE = "Fatuito-Info.plist";
				INFOPLIST_KEY_UIApplicationSupportsIndirectInputEvents = YES;
				INFOPLIST_KEY_UILaunchStoryboardName = LaunchScreen;
				INFOPLIST_KEY_UIMainStoryboardFile = Main;
				INFOPLIST_KEY_UIRequiresFullScreen = YES;
				INFOPLIST_KEY_UIStatusBarHidden = YES;
				INFOPLIST_KEY_UISupportedInterfaceOrientations = UIInterfaceOrientationLandscapeRight;
				IPHONEOS_DEPLOYMENT_TARGET = 16.0;
				LD_RUNPATH_SEARCH_PATHS = (
					"$(inherited)",
					"@executable_path/Frameworks",
				);
				MARKETING_VERSION = 1.0;
				PRODUCT_BUNDLE_IDENTIFIER = "Leonardo-DANIELE.crisantemi-game";
				PRODUCT_NAME = "$(TARGET_NAME)";
				SUPPORTED_PLATFORMS = "iphoneos iphonesimulator";
				SUPPORTS_MACCATALYST = NO;
				SUPPORTS_MAC_DESIGNED_FOR_IPHONE_IPAD = NO;
				SWIFT_EMIT_LOC_STRINGS = YES;
				SWIFT_VERSION = 5.0;
				TARGETED_DEVICE_FAMILY = "1,2";
			};
			name = Release;
		};
/* End XCBuildConfiguration section */

/* Begin XCConfigurationList section */
		A7DF46D229A0EC7800DC9A66 /* Build configuration list for PBXProject "Fatuito" */ = {
			isa = XCConfigurationList;
			buildConfigurations = (
				A7DF46EC29A0EC7900DC9A66 /* Debug */,
				A7DF46ED29A0EC7900DC9A66 /* Release */,
			);
			defaultConfigurationIsVisible = 0;
			defaultConfigurationName = Release;
		};
		A7DF46EE29A0EC7900DC9A66 /* Build configuration list for PBXNativeTarget "Fatuito" */ = {
			isa = XCConfigurationList;
			buildConfigurations = (
				A7DF46EF29A0EC7900DC9A66 /* Debug */,
				A7DF46F029A0EC7900DC9A66 /* Release */,
			);
			defaultConfigurationIsVisible = 0;
			defaultConfigurationName = Release;
		};
/* End XCConfigurationList section */
	};
	rootObject = A7DF46CF29A0EC7800DC9A66 /* Project object */;
}
